
Microsoft Visual Studio Solution File, Format Version 12.00
# Visual Studio 2013
VisualStudioVersion = 12.0.21005.1
MinimumVisualStudioVersion = 10.0.40219.1
Project("{E24C65DC-7377-472B-9ABA-BC803B73C61A}") = "Demo", "http://localhost:5996", "{C3EC1B72-3DFD-46DE-A3DA-F877AB4A274A}"
	ProjectSection(WebsiteProperties) = preProject
		UseIISExpress = "true"
		TargetFrameworkMoniker = ".NETFramework,Version%3Dv3.5"
		Debug.AspNetCompiler.VirtualPath = "/localhost_5996"
		Debug.AspNetCompiler.PhysicalPath = "F:\兴趣项目\RSelectDemo\Demo\"
		Debug.AspNetCompiler.TargetPath = "PrecompiledWeb\localhost_5996\"
		Debug.AspNetCompiler.Updateable = "true"
		Debug.AspNetCompiler.ForceOverwrite = "true"
		Debug.AspNetCompiler.FixedNames = "false"
		Debug.AspNetCompiler.Debug = "True"
		Release.AspNetCompiler.VirtualPath = "/localhost_5996"
		Release.AspNetCompiler.PhysicalPath = "F:\兴趣项目\RSelectDemo\Demo\"
		Release.AspNetCompiler.TargetPath = "PrecompiledWeb\localhost_5996\"
		Release.AspNetCompiler.Updateable = "true"
		Release.AspNetCompiler.ForceOverwrite = "true"
		Release.AspNetCompiler.FixedNames = "false"
		Release.AspNetCompiler.Debug = "False"
		SlnRelativePath = "F:\兴趣项目\RSelectDemo\Demo\"
	EndProjectSection
EndProject
Project("{FAE04EC0-301F-11D3-BF4B-00C04F79EFBC}") = "Library", "Library\Library.csproj", "{C18348AE-DF47-4377-B82C-07503024945B}"
EndProject
Project("{FAE04EC0-301F-11D3-BF4B-00C04F79EFBC}") = "RSelectWeb", "RSelectWeb\RSelectWeb.csproj", "{FFF0BD09-34AC-4E13-902E-16022F440B5A}"
EndProject
Project("{FAE04EC0-301F-11D3-BF4B-00C04F79EFBC}") = "RselectTest", "RselectTest\RselectTest.csproj", "{679BA5C2-4553-43E2-BBC4-176C9FECA7E4}"
EndProject
Global
	GlobalSection(SolutionConfigurationPlatforms) = preSolution
		Debug|Any CPU = Debug|Any CPU
		Release|Any CPU = Release|Any CPU
	EndGlobalSection
	GlobalSection(ProjectConfigurationPlatforms) = postSolution
		{C3EC1B72-3DFD-46DE-A3DA-F877AB4A274A}.Debug|Any CPU.ActiveCfg = Debug|Any CPU
		{C3EC1B72-3DFD-46DE-A3DA-F877AB4A274A}.Debug|Any CPU.Build.0 = Debug|Any CPU
		{C3EC1B72-3DFD-46DE-A3DA-F877AB4A274A}.Release|Any CPU.ActiveCfg = Debug|Any CPU
		{C3EC1B72-3DFD-46DE-A3DA-F877AB4A274A}.Release|Any CPU.Build.0 = Debug|Any CPU
		{C18348AE-DF47-4377-B82C-07503024945B}.Debug|Any CPU.ActiveCfg = Debug|Any CPU
		{C18348AE-DF47-4377-B82C-07503024945B}.Debug|Any CPU.Build.0 = Debug|Any CPU
		{C18348AE-DF47-4377-B82C-07503024945B}.Release|Any CPU.ActiveCfg = Release|Any CPU
		{C18348AE-DF47-4377-B82C-07503024945B}.Release|Any CPU.Build.0 = Release|Any CPU
		{FFF0BD09-34AC-4E13-902E-16022F440B5A}.Debug|Any CPU.ActiveCfg = Debug|Any CPU
		{FFF0BD09-34AC-4E13-902E-16022F440B5A}.Debug|Any CPU.Build.0 = Debug|Any CPU
		{FFF0BD09-34AC-4E13-902E-16022F440B5A}.Release|Any CPU.ActiveCfg = Release|Any CPU
		{FFF0BD09-34AC-4E13-902E-16022F440B5A}.Release|Any CPU.Build.0 = Release|Any CPU
		{679BA5C2-4553-43E2-BBC4-176C9FECA7E4}.Debug|Any CPU.ActiveCfg = Debug|Any CPU
		{679BA5C2-4553-43E2-BBC4-176C9FECA7E4}.Debug|Any CPU.Build.0 = Debug|Any CPU
		{679BA5C2-4553-43E2-BBC4-176C9FECA7E4}.Release|Any CPU.ActiveCfg = Release|Any CPU
		{679BA5C2-4553-43E2-BBC4-176C9FECA7E4}.Release|Any CPU.Build.0 = Release|Any CPU
	EndGlobalSection
	GlobalSection(SolutionProperties) = preSolution
		HideSolutionNode = FALSE
	EndGlobalSection
EndGlobal
